
Microsoft Visual Studio Solution File, Format Version 11.00
# Visual Studio 2010
Project("{FAE04EC0-301F-11D3-BF4B-00C04F79EFBC}") = "Commons.Media.Synthesis.Droid", "Commons.Media.Synthesis.Droid\Commons.Media.Synthesis.Droid.csproj", "{B2FFD350-AA50-4864-BC4B-441842E37CDC}"
EndProject
Project("{FAE04EC0-301F-11D3-BF4B-00C04F79EFBC}") = "Commons.Media.Synthesis.Common.Droid", "Commons.Media.Synthesis.Common.Droid.csproj", "{5002C3DC-012D-44FF-B0BA-259BFE082566}"
EndProject
Global
	GlobalSection(SolutionConfigurationPlatforms) = preSolution
		Debug|Any CPU = Debug|Any CPU
		Release|Any CPU = Release|Any CPU
	EndGlobalSection
	GlobalSection(ProjectConfigurationPlatforms) = postSolution
		{B2FFD350-AA50-4864-BC4B-441842E37CDC}.Debug|Any CPU.ActiveCfg = Debug|Any CPU
		{B2FFD350-AA50-4864-BC4B-441842E37CDC}.Debug|Any CPU.Build.0 = Debug|Any CPU
		{B2FFD350-AA50-4864-BC4B-441842E37CDC}.Release|Any CPU.ActiveCfg = Release|Any CPU
		{B2FFD350-AA50-4864-BC4B-441842E37CDC}.Release|Any CPU.Build.0 = Release|Any CPU
		{5002C3DC-012D-44FF-B0BA-259BFE082566}.Debug|Any CPU.ActiveCfg = Debug|Any CPU
		{5002C3DC-012D-44FF-B0BA-259BFE082566}.Debug|Any CPU.Build.0 = Debug|Any CPU
		{5002C3DC-012D-44FF-B0BA-259BFE082566}.Release|Any CPU.ActiveCfg = Release|Any CPU
		{5002C3DC-012D-44FF-B0BA-259BFE082566}.Release|Any CPU.Build.0 = Release|Any CPU
	EndGlobalSection
	GlobalSection(SolutionProperties) = preSolution
		HideSolutionNode = FALSE
	EndGlobalSection
EndGlobal
