
Microsoft Visual Studio Solution File, Format Version 11.00
# Visual Studio 2010
Project("{FAE04EC0-301F-11D3-BF4B-00C04F79EFBC}") = "Commons.Media.Synthesis.Phone", "Commons.Media.Synthesis.Phone\Commons.Media.Synthesis.Phone.csproj", "{2FC5E331-E606-4C81-87F2-4F1195FB49FC}"
EndProject
Project("{FAE04EC0-301F-11D3-BF4B-00C04F79EFBC}") = "Commons.Media.Synthesis.Common.Phone", "Commons.Media.Synthesis.Common.Phone.csproj", "{C6BAD87F-70AF-4F12-BE7B-47A40604DF0F}"
EndProject
Global
	GlobalSection(SolutionConfigurationPlatforms) = preSolution
		Debug|Any CPU = Debug|Any CPU
		Release|Any CPU = Release|Any CPU
	EndGlobalSection
	GlobalSection(ProjectConfigurationPlatforms) = postSolution
		{2FC5E331-E606-4C81-87F2-4F1195FB49FC}.Debug|Any CPU.ActiveCfg = Debug|Any CPU
		{2FC5E331-E606-4C81-87F2-4F1195FB49FC}.Debug|Any CPU.Build.0 = Debug|Any CPU
		{2FC5E331-E606-4C81-87F2-4F1195FB49FC}.Release|Any CPU.ActiveCfg = Release|Any CPU
		{2FC5E331-E606-4C81-87F2-4F1195FB49FC}.Release|Any CPU.Build.0 = Release|Any CPU
		{C6BAD87F-70AF-4F12-BE7B-47A40604DF0F}.Debug|Any CPU.ActiveCfg = Debug|Any CPU
		{C6BAD87F-70AF-4F12-BE7B-47A40604DF0F}.Debug|Any CPU.Build.0 = Debug|Any CPU
		{C6BAD87F-70AF-4F12-BE7B-47A40604DF0F}.Release|Any CPU.ActiveCfg = Release|Any CPU
		{C6BAD87F-70AF-4F12-BE7B-47A40604DF0F}.Release|Any CPU.Build.0 = Release|Any CPU
	EndGlobalSection
	GlobalSection(SolutionProperties) = preSolution
		HideSolutionNode = FALSE
	EndGlobalSection
EndGlobal
